
Microsoft Visual Studio Solution File, Format Version 12.00
# Visual Studio Version 17
VisualStudioVersion = 17.4.33122.133
MinimumVisualStudioVersion = 10.0.40219.1
Project("{FAE04EC0-301F-11D3-BF4B-00C04F79EFBC}") = "UI", "S4213255_ProgettoTAP2022_23\UI.csproj", "{57C00CB5-7AC5-47FF-B162-6D12DBDAFCB4}"
EndProject
Project("{FAE04EC0-301F-11D3-BF4B-00C04F79EFBC}") = "Tests", "Tests\Tests.csproj", "{03A2D6B3-105E-4A38-951D-A867962ED89A}"
EndProject
Project("{FAE04EC0-301F-11D3-BF4B-00C04F79EFBC}") = "Entities", "Entities\Entities.csproj", "{849A7A89-DB0D-4991-B5E6-928DC3C7BF2C}"
EndProject
Project("{FAE04EC0-301F-11D3-BF4B-00C04F79EFBC}") = "TapProjLogic", "LogicClasses\TapProjLogic.csproj", "{55D2938E-0B7C-4975-9BE9-B9737647DECE}"
EndProject
Global
	GlobalSection(SolutionConfigurationPlatforms) = preSolution
		Debug|Any CPU = Debug|Any CPU
		Release|Any CPU = Release|Any CPU
	EndGlobalSection
	GlobalSection(ProjectConfigurationPlatforms) = postSolution
		{57C00CB5-7AC5-47FF-B162-6D12DBDAFCB4}.Debug|Any CPU.ActiveCfg = Debug|Any CPU
		{57C00CB5-7AC5-47FF-B162-6D12DBDAFCB4}.Debug|Any CPU.Build.0 = Debug|Any CPU
		{57C00CB5-7AC5-47FF-B162-6D12DBDAFCB4}.Release|Any CPU.ActiveCfg = Release|Any CPU
		{57C00CB5-7AC5-47FF-B162-6D12DBDAFCB4}.Release|Any CPU.Build.0 = Release|Any CPU
		{03A2D6B3-105E-4A38-951D-A867962ED89A}.Debug|Any CPU.ActiveCfg = Debug|Any CPU
		{03A2D6B3-105E-4A38-951D-A867962ED89A}.Debug|Any CPU.Build.0 = Debug|Any CPU
		{03A2D6B3-105E-4A38-951D-A867962ED89A}.Release|Any CPU.ActiveCfg = Release|Any CPU
		{03A2D6B3-105E-4A38-951D-A867962ED89A}.Release|Any CPU.Build.0 = Release|Any CPU
		{849A7A89-DB0D-4991-B5E6-928DC3C7BF2C}.Debug|Any CPU.ActiveCfg = Debug|Any CPU
		{849A7A89-DB0D-4991-B5E6-928DC3C7BF2C}.Debug|Any CPU.Build.0 = Debug|Any CPU
		{849A7A89-DB0D-4991-B5E6-928DC3C7BF2C}.Release|Any CPU.ActiveCfg = Release|Any CPU
		{849A7A89-DB0D-4991-B5E6-928DC3C7BF2C}.Release|Any CPU.Build.0 = Release|Any CPU
		{55D2938E-0B7C-4975-9BE9-B9737647DECE}.Debug|Any CPU.ActiveCfg = Debug|Any CPU
		{55D2938E-0B7C-4975-9BE9-B9737647DECE}.Debug|Any CPU.Build.0 = Debug|Any CPU
		{55D2938E-0B7C-4975-9BE9-B9737647DECE}.Release|Any CPU.ActiveCfg = Release|Any CPU
		{55D2938E-0B7C-4975-9BE9-B9737647DECE}.Release|Any CPU.Build.0 = Release|Any CPU
	EndGlobalSection
	GlobalSection(SolutionProperties) = preSolution
		HideSolutionNode = FALSE
	EndGlobalSection
	GlobalSection(ExtensibilityGlobals) = postSolution
		SolutionGuid = {DFAAAB11-6BC3-4AF8-B180-50B6F59DA021}
	EndGlobalSection
EndGlobal
